
Microsoft Visual Studio Solution File, Format Version 12.00
# Visual Studio Version 17
VisualStudioVersion = 17.2.32616.157
MinimumVisualStudioVersion = 10.0.40219.1
Project("{FAE04EC0-301F-11D3-BF4B-00C04F79EFBC}") = "HospitalServiceAPI", "HospitalServiceAPI\HospitalServiceAPI.csproj", "{277CD0E1-64AC-47ED-B918-E531FE576F7A}"
EndProject
Global
	GlobalSection(SolutionConfigurationPlatforms) = preSolution
		Debug|Any CPU = Debug|Any CPU
		Release|Any CPU = Release|Any CPU
	EndGlobalSection
	GlobalSection(ProjectConfigurationPlatforms) = postSolution
		{277CD0E1-64AC-47ED-B918-E531FE576F7A}.Debug|Any CPU.ActiveCfg = Debug|Any CPU
		{277CD0E1-64AC-47ED-B918-E531FE576F7A}.Debug|Any CPU.Build.0 = Debug|Any CPU
		{277CD0E1-64AC-47ED-B918-E531FE576F7A}.Release|Any CPU.ActiveCfg = Release|Any CPU
		{277CD0E1-64AC-47ED-B918-E531FE576F7A}.Release|Any CPU.Build.0 = Release|Any CPU
	EndGlobalSection
	GlobalSection(SolutionProperties) = preSolution
		HideSolutionNode = FALSE
	EndGlobalSection
	GlobalSection(ExtensibilityGlobals) = postSolution
		SolutionGuid = {78744231-7A2A-463D-A0E4-D6022514BE45}
	EndGlobalSection
EndGlobal
